
Microsoft Visual Studio Solution File, Format Version 12.00
# Visual Studio Version 17
VisualStudioVersion = 17.2.32210.308
MinimumVisualStudioVersion = 10.0.40219.1
Project("{9A19103F-16F7-4668-BE54-9A1E7A4F7556}") = "MetricsProcessor", "MetricsProcessor\MetricsProcessor.csproj", "{16ECB942-1F5C-4984-9AFE-3364571020EE}"
EndProject
Project("{FAE04EC0-301F-11D3-BF4B-00C04F79EFBC}") = "QueueTestHttpTrigger", "QueueTestHttpTrigger\QueueTestHttpTrigger.csproj", "{474B89D4-90FE-4BD3-BD09-58CFA273E247}"
EndProject
Project("{FAE04EC0-301F-11D3-BF4B-00C04F79EFBC}") = "MetricsCollector", "MetricsCollector\MetricsCollector.csproj", "{D142375E-4931-482D-B794-B2C97A04594D}"
EndProject
Global
	GlobalSection(SolutionConfigurationPlatforms) = preSolution
		Debug|Any CPU = Debug|Any CPU
		Release|Any CPU = Release|Any CPU
	EndGlobalSection
	GlobalSection(ProjectConfigurationPlatforms) = postSolution
		{16ECB942-1F5C-4984-9AFE-3364571020EE}.Debug|Any CPU.ActiveCfg = Debug|Any CPU
		{16ECB942-1F5C-4984-9AFE-3364571020EE}.Debug|Any CPU.Build.0 = Debug|Any CPU
		{16ECB942-1F5C-4984-9AFE-3364571020EE}.Release|Any CPU.ActiveCfg = Release|Any CPU
		{16ECB942-1F5C-4984-9AFE-3364571020EE}.Release|Any CPU.Build.0 = Release|Any CPU
		{474B89D4-90FE-4BD3-BD09-58CFA273E247}.Debug|Any CPU.ActiveCfg = Debug|Any CPU
		{474B89D4-90FE-4BD3-BD09-58CFA273E247}.Debug|Any CPU.Build.0 = Debug|Any CPU
		{474B89D4-90FE-4BD3-BD09-58CFA273E247}.Release|Any CPU.ActiveCfg = Release|Any CPU
		{474B89D4-90FE-4BD3-BD09-58CFA273E247}.Release|Any CPU.Build.0 = Release|Any CPU
		{D142375E-4931-482D-B794-B2C97A04594D}.Debug|Any CPU.ActiveCfg = Debug|Any CPU
		{D142375E-4931-482D-B794-B2C97A04594D}.Debug|Any CPU.Build.0 = Debug|Any CPU
		{D142375E-4931-482D-B794-B2C97A04594D}.Release|Any CPU.ActiveCfg = Release|Any CPU
		{D142375E-4931-482D-B794-B2C97A04594D}.Release|Any CPU.Build.0 = Release|Any CPU
	EndGlobalSection
	GlobalSection(SolutionProperties) = preSolution
		HideSolutionNode = FALSE
	EndGlobalSection
	GlobalSection(ExtensibilityGlobals) = postSolution
		SolutionGuid = {28773414-2E39-4A13-A69D-7C95D91E55B6}
	EndGlobalSection
EndGlobal
